
Microsoft Visual Studio Solution File, Format Version 12.00
# Visual Studio Version 17
VisualStudioVersion = 17.10.35122.118
MinimumVisualStudioVersion = 10.0.40219.1
Project("{FAE04EC0-301F-11D3-BF4B-00C04F79EFBC}") = "PruebaTecnica1", "PruebaTecnica1.csproj", "{D7D5F232-33D2-41BA-8982-A2488D9F1E8E}"
EndProject
Global
	GlobalSection(SolutionConfigurationPlatforms) = preSolution
		Debug|Any CPU = Debug|Any CPU
		Release|Any CPU = Release|Any CPU
	EndGlobalSection
	GlobalSection(ProjectConfigurationPlatforms) = postSolution
		{D7D5F232-33D2-41BA-8982-A2488D9F1E8E}.Debug|Any CPU.ActiveCfg = Debug|Any CPU
		{D7D5F232-33D2-41BA-8982-A2488D9F1E8E}.Debug|Any CPU.Build.0 = Debug|Any CPU
		{D7D5F232-33D2-41BA-8982-A2488D9F1E8E}.Release|Any CPU.ActiveCfg = Release|Any CPU
		{D7D5F232-33D2-41BA-8982-A2488D9F1E8E}.Release|Any CPU.Build.0 = Release|Any CPU
	EndGlobalSection
	GlobalSection(SolutionProperties) = preSolution
		HideSolutionNode = FALSE
	EndGlobalSection
	GlobalSection(ExtensibilityGlobals) = postSolution
		SolutionGuid = {8D66BFBA-929D-431C-ADD7-B0FA046786E3}
	EndGlobalSection
EndGlobal
